
Microsoft Visual Studio Solution File, Format Version 12.00
# Visual Studio Version 16
VisualStudioVersion = 16.0.29319.158
MinimumVisualStudioVersion = 10.0.40219.1
Project("{9A19103F-16F7-4668-BE54-9A1E7A4F7556}") = "TankerkoenigToInfluxDb", "TankerkoenigToInfluxDb\TankerkoenigToInfluxDb.csproj", "{22D63683-84F5-4017-AD54-7E74855AAC26}"
EndProject
Project("{2150E333-8FDC-42A3-9474-1A3956D46DE8}") = "Solution Items", "Solution Items", "{E03D05F4-FC26-4F2F-8876-51DC9FC23CDB}"
	ProjectSection(SolutionItems) = preProject
		.dockerignore = .dockerignore
		..\azure-pipelines.yml = ..\azure-pipelines.yml
		..\gitversion.yml = ..\gitversion.yml
		nuget.config = nuget.config
	EndProjectSection
EndProject
Global
	GlobalSection(SolutionConfigurationPlatforms) = preSolution
		Debug|Any CPU = Debug|Any CPU
		Release|Any CPU = Release|Any CPU
	EndGlobalSection
	GlobalSection(ProjectConfigurationPlatforms) = postSolution
		{22D63683-84F5-4017-AD54-7E74855AAC26}.Debug|Any CPU.ActiveCfg = Debug|Any CPU
		{22D63683-84F5-4017-AD54-7E74855AAC26}.Debug|Any CPU.Build.0 = Debug|Any CPU
		{22D63683-84F5-4017-AD54-7E74855AAC26}.Release|Any CPU.ActiveCfg = Release|Any CPU
		{22D63683-84F5-4017-AD54-7E74855AAC26}.Release|Any CPU.Build.0 = Release|Any CPU
	EndGlobalSection
	GlobalSection(SolutionProperties) = preSolution
		HideSolutionNode = FALSE
	EndGlobalSection
	GlobalSection(ExtensibilityGlobals) = postSolution
		SolutionGuid = {67F83E1C-90EF-4625-9F15-FBDD87BAB122}
	EndGlobalSection
EndGlobal
